
Microsoft Visual Studio Solution File, Format Version 11.00
# Visual Studio 2010
Project("{FAE04EC0-301F-11D3-BF4B-00C04F79EFBC}") = "SharpNick", "SharpNick.csproj", "{8C885A71-2A68-415B-8883-E7C36E87868A}"
EndProject
Global
	GlobalSection(SolutionConfigurationPlatforms) = preSolution
		Debug|Any CPU = Debug|Any CPU
		Release|Any CPU = Release|Any CPU
	EndGlobalSection
	GlobalSection(ProjectConfigurationPlatforms) = postSolution
		{8C885A71-2A68-415B-8883-E7C36E87868A}.Debug|Any CPU.ActiveCfg = Debug|Any CPU
		{8C885A71-2A68-415B-8883-E7C36E87868A}.Debug|Any CPU.Build.0 = Debug|Any CPU
		{8C885A71-2A68-415B-8883-E7C36E87868A}.Release|Any CPU.ActiveCfg = Release|Any CPU
		{8C885A71-2A68-415B-8883-E7C36E87868A}.Release|Any CPU.Build.0 = Release|Any CPU
	EndGlobalSection
	GlobalSection(SolutionProperties) = preSolution
		HideSolutionNode = FALSE
	EndGlobalSection
EndGlobal
